// !$*UTF8*$!
{
	archiveVersion = 1;
	classes = {
	};
	objectVersion = 56;
	objects = {

/* Begin PBXBuildFile section */
		6E865FC72C1BFEDA005DF94F /* AppDelegate.swift in Sources */ = {isa = PBXBuildFile; fileRef = 6E865FC62C1BFEDA005DF94F /* AppDelegate.swift */; };
		6E865FC92C1BFEDA005DF94F /* SceneDelegate.swift in Sources */ = {isa = PBXBuildFile; fileRef = 6E865FC82C1BFEDA005DF94F /* SceneDelegate.swift */; };
		6E865FCB2C1BFEDA005DF94F /* ViewController.swift in Sources */ = {isa = PBXBuildFile; fileRef = 6E865FCA2C1BFEDA005DF94F /* ViewController.swift */; };
		6E865FD02C1BFEDC005DF94F /* Assets.xcassets in Resources */ = {isa = PBXBuildFile; fileRef = 6E865FCF2C1BFEDC005DF94F /* Assets.xcassets */; };
		6E865FD32C1BFEDC005DF94F /* Base in Resources */ = {isa = PBXBuildFile; fileRef = 6E865FD22C1BFEDC005DF94F /* Base */; };
		6E865FDF2C1C01E0005DF94F /* RxAlamofire in Frameworks */ = {isa = PBXBuildFile; productRef = 6E865FDE2C1C01E0005DF94F /* RxAlamofire */; };
		6E865FE22C1C0222005DF94F /* SnapKit in Frameworks */ = {isa = PBXBuildFile; productRef = 6E865FE12C1C0222005DF94F /* SnapKit */; };
		6E865FEE2C1C077E005DF94F /* DTO.swift in Sources */ = {isa = PBXBuildFile; fileRef = 6E865FED2C1C077E005DF94F /* DTO.swift */; };
		6E865FF22C1C07CA005DF94F /* Entity.swift in Sources */ = {isa = PBXBuildFile; fileRef = 6E865FF12C1C07CA005DF94F /* Entity.swift */; };
		6E865FF42C1C087D005DF94F /* City.swift in Sources */ = {isa = PBXBuildFile; fileRef = 6E865FF32C1C087D005DF94F /* City.swift */; };
		6E865FF92C1C0925005DF94F /* Weather.swift in Sources */ = {isa = PBXBuildFile; fileRef = 6E865FF82C1C0925005DF94F /* Weather.swift */; };
		6E865FFB2C1C0A4D005DF94F /* Forecast.swift in Sources */ = {isa = PBXBuildFile; fileRef = 6E865FFA2C1C0A4D005DF94F /* Forecast.swift */; };
		6E865FFD2C1C0A90005DF94F /* CityDTO.swift in Sources */ = {isa = PBXBuildFile; fileRef = 6E865FFC2C1C0A90005DF94F /* CityDTO.swift */; };
		6E865FFF2C1C0B4A005DF94F /* WeatherDTO.swift in Sources */ = {isa = PBXBuildFile; fileRef = 6E865FFE2C1C0B4A005DF94F /* WeatherDTO.swift */; };
		6E8660022C1C0F82005DF94F /* DateManager.swift in Sources */ = {isa = PBXBuildFile; fileRef = 6E8660012C1C0F82005DF94F /* DateManager.swift */; };
		6E8660052C1C0FDF005DF94F /* Configurator.swift in Sources */ = {isa = PBXBuildFile; fileRef = 6E8660042C1C0FDF005DF94F /* Configurator.swift */; };
		6E8660082C1C15F6005DF94F /* TimeInterval+.swift in Sources */ = {isa = PBXBuildFile; fileRef = 6E8660072C1C15F6005DF94F /* TimeInterval+.swift */; };
		6E86600A2C1C1670005DF94F /* Double+.swift in Sources */ = {isa = PBXBuildFile; fileRef = 6E8660092C1C1670005DF94F /* Double+.swift */; };
		6E86600D2C1C16BF005DF94F /* Constant.swift in Sources */ = {isa = PBXBuildFile; fileRef = 6E86600C2C1C16BF005DF94F /* Constant.swift */; };
		6E86600F2C1C17B5005DF94F /* Int+.swift in Sources */ = {isa = PBXBuildFile; fileRef = 6E86600E2C1C17B5005DF94F /* Int+.swift */; };
		6E8660112C1C1838005DF94F /* ForecastResponseDTO.swift in Sources */ = {isa = PBXBuildFile; fileRef = 6E8660102C1C1838005DF94F /* ForecastResponseDTO.swift */; };
		6E8660152C1C19AF005DF94F /* HTTPStatusError.swift in Sources */ = {isa = PBXBuildFile; fileRef = 6E8660142C1C19AF005DF94F /* HTTPStatusError.swift */; };
		6E86601B2C1C1B49005DF94F /* Router.swift in Sources */ = {isa = PBXBuildFile; fileRef = 6E86601A2C1C1B49005DF94F /* Router.swift */; };
		6E86601E2C1C1BC2005DF94F /* APIKey.swift in Sources */ = {isa = PBXBuildFile; fileRef = 6E86601D2C1C1BC2005DF94F /* APIKey.swift */; };
		6E8660202C1C1C51005DF94F /* HTTPError.swift in Sources */ = {isa = PBXBuildFile; fileRef = 6E86601F2C1C1C51005DF94F /* HTTPError.swift */; };
		6E8660222C1C1C8E005DF94F /* JsonCoder.swift in Sources */ = {isa = PBXBuildFile; fileRef = 6E8660212C1C1C8E005DF94F /* JsonCoder.swift */; };
		6E8660282C1C1D63005DF94F /* WeatherRouter.swift in Sources */ = {isa = PBXBuildFile; fileRef = 6E8660272C1C1D63005DF94F /* WeatherRouter.swift */; };
		6E86602A2C1C1F98005DF94F /* HTTPParameter.swift in Sources */ = {isa = PBXBuildFile; fileRef = 6E8660292C1C1F97005DF94F /* HTTPParameter.swift */; };
		6E86602C2C1C20E2005DF94F /* HTTPService.swift in Sources */ = {isa = PBXBuildFile; fileRef = 6E86602B2C1C20E2005DF94F /* HTTPService.swift */; };
		6E86602E2C1C2163005DF94F /* Reactive+DataRequest.swift in Sources */ = {isa = PBXBuildFile; fileRef = 6E86602D2C1C2163005DF94F /* Reactive+DataRequest.swift */; };
		6E8660312C1C2379005DF94F /* WeatherRepository.swift in Sources */ = {isa = PBXBuildFile; fileRef = 6E8660302C1C2379005DF94F /* WeatherRepository.swift */; };
		6E8660342C1C23F8005DF94F /* CityRepository.swift in Sources */ = {isa = PBXBuildFile; fileRef = 6E8660332C1C23F8005DF94F /* CityRepository.swift */; };
		6E8660362C1C2417005DF94F /* WeatherRepositoryImpl.swift in Sources */ = {isa = PBXBuildFile; fileRef = 6E8660352C1C2417005DF94F /* WeatherRepositoryImpl.swift */; };
		6E8660392C1C2543005DF94F /* DomainError.swift in Sources */ = {isa = PBXBuildFile; fileRef = 6E8660382C1C2543005DF94F /* DomainError.swift */; };
		6E86603B2C1C26FD005DF94F /* CityRepositoryImpl.swift in Sources */ = {isa = PBXBuildFile; fileRef = 6E86603A2C1C26FD005DF94F /* CityRepositoryImpl.swift */; };
		6E86603E2C1C274E005DF94F /* JsonService.swift in Sources */ = {isa = PBXBuildFile; fileRef = 6E86603D2C1C274E005DF94F /* JsonService.swift */; };
		6E8660432C1C2B95005DF94F /* citylist.json in Resources */ = {isa = PBXBuildFile; fileRef = 6E8660422C1C2B95005DF94F /* citylist.json */; };
		6E86604A2C1C2D0F005DF94F /* ViewModel.swift in Sources */ = {isa = PBXBuildFile; fileRef = 6E8660492C1C2D0F005DF94F /* ViewModel.swift */; };
		6E86604C2C1C2D33005DF94F /* ViewModelController.swift in Sources */ = {isa = PBXBuildFile; fileRef = 6E86604B2C1C2D33005DF94F /* ViewModelController.swift */; };
/* End PBXBuildFile section */

/* Begin PBXFileReference section */
		6E865FC32C1BFEDA005DF94F /* WeatherSearch.app */ = {isa = PBXFileReference; explicitFileType = wrapper.application; includeInIndex = 0; path = WeatherSearch.app; sourceTree = BUILT_PRODUCTS_DIR; };
		6E865FC62C1BFEDA005DF94F /* AppDelegate.swift */ = {isa = PBXFileReference; lastKnownFileType = sourcecode.swift; path = AppDelegate.swift; sourceTree = "<group>"; };
		6E865FC82C1BFEDA005DF94F /* SceneDelegate.swift */ = {isa = PBXFileReference; lastKnownFileType = sourcecode.swift; path = SceneDelegate.swift; sourceTree = "<group>"; };
		6E865FCA2C1BFEDA005DF94F /* ViewController.swift */ = {isa = PBXFileReference; lastKnownFileType = sourcecode.swift; path = ViewController.swift; sourceTree = "<group>"; };
		6E865FCF2C1BFEDC005DF94F /* Assets.xcassets */ = {isa = PBXFileReference; lastKnownFileType = folder.assetcatalog; path = Assets.xcassets; sourceTree = "<group>"; };
		6E865FD22C1BFEDC005DF94F /* Base */ = {isa = PBXFileReference; lastKnownFileType = file.storyboard; name = Base; path = Base.lproj/LaunchScreen.storyboard; sourceTree = "<group>"; };
		6E865FD42C1BFEDC005DF94F /* Info.plist */ = {isa = PBXFileReference; lastKnownFileType = text.plist.xml; path = Info.plist; sourceTree = "<group>"; };
		6E865FED2C1C077E005DF94F /* DTO.swift */ = {isa = PBXFileReference; lastKnownFileType = sourcecode.swift; path = DTO.swift; sourceTree = "<group>"; };
		6E865FF12C1C07CA005DF94F /* Entity.swift */ = {isa = PBXFileReference; lastKnownFileType = sourcecode.swift; path = Entity.swift; sourceTree = "<group>"; };
		6E865FF32C1C087D005DF94F /* City.swift */ = {isa = PBXFileReference; lastKnownFileType = sourcecode.swift; path = City.swift; sourceTree = "<group>"; };
		6E865FF82C1C0925005DF94F /* Weather.swift */ = {isa = PBXFileReference; lastKnownFileType = sourcecode.swift; path = Weather.swift; sourceTree = "<group>"; };
		6E865FFA2C1C0A4D005DF94F /* Forecast.swift */ = {isa = PBXFileReference; lastKnownFileType = sourcecode.swift; path = Forecast.swift; sourceTree = "<group>"; };
		6E865FFC2C1C0A90005DF94F /* CityDTO.swift */ = {isa = PBXFileReference; lastKnownFileType = sourcecode.swift; path = CityDTO.swift; sourceTree = "<group>"; };
		6E865FFE2C1C0B4A005DF94F /* WeatherDTO.swift */ = {isa = PBXFileReference; lastKnownFileType = sourcecode.swift; path = WeatherDTO.swift; sourceTree = "<group>"; };
		6E8660012C1C0F82005DF94F /* DateManager.swift */ = {isa = PBXFileReference; lastKnownFileType = sourcecode.swift; path = DateManager.swift; sourceTree = "<group>"; };
		6E8660042C1C0FDF005DF94F /* Configurator.swift */ = {isa = PBXFileReference; lastKnownFileType = sourcecode.swift; path = Configurator.swift; sourceTree = "<group>"; };
		6E8660072C1C15F6005DF94F /* TimeInterval+.swift */ = {isa = PBXFileReference; lastKnownFileType = sourcecode.swift; path = "TimeInterval+.swift"; sourceTree = "<group>"; };
		6E8660092C1C1670005DF94F /* Double+.swift */ = {isa = PBXFileReference; lastKnownFileType = sourcecode.swift; path = "Double+.swift"; sourceTree = "<group>"; };
		6E86600C2C1C16BF005DF94F /* Constant.swift */ = {isa = PBXFileReference; lastKnownFileType = sourcecode.swift; path = Constant.swift; sourceTree = "<group>"; };
		6E86600E2C1C17B5005DF94F /* Int+.swift */ = {isa = PBXFileReference; lastKnownFileType = sourcecode.swift; path = "Int+.swift"; sourceTree = "<group>"; };
		6E8660102C1C1838005DF94F /* ForecastResponseDTO.swift */ = {isa = PBXFileReference; lastKnownFileType = sourcecode.swift; path = ForecastResponseDTO.swift; sourceTree = "<group>"; };
		6E8660142C1C19AF005DF94F /* HTTPStatusError.swift */ = {isa = PBXFileReference; lastKnownFileType = sourcecode.swift; path = HTTPStatusError.swift; sourceTree = "<group>"; };
		6E86601A2C1C1B49005DF94F /* Router.swift */ = {isa = PBXFileReference; lastKnownFileType = sourcecode.swift; path = Router.swift; sourceTree = "<group>"; };
		6E86601D2C1C1BC2005DF94F /* APIKey.swift */ = {isa = PBXFileReference; lastKnownFileType = sourcecode.swift; path = APIKey.swift; sourceTree = "<group>"; };
		6E86601F2C1C1C51005DF94F /* HTTPError.swift */ = {isa = PBXFileReference; lastKnownFileType = sourcecode.swift; path = HTTPError.swift; sourceTree = "<group>"; };
		6E8660212C1C1C8E005DF94F /* JsonCoder.swift */ = {isa = PBXFileReference; lastKnownFileType = sourcecode.swift; path = JsonCoder.swift; sourceTree = "<group>"; };
		6E8660272C1C1D63005DF94F /* WeatherRouter.swift */ = {isa = PBXFileReference; lastKnownFileType = sourcecode.swift; path = WeatherRouter.swift; sourceTree = "<group>"; };
		6E8660292C1C1F97005DF94F /* HTTPParameter.swift */ = {isa = PBXFileReference; lastKnownFileType = sourcecode.swift; path = HTTPParameter.swift; sourceTree = "<group>"; };
		6E86602B2C1C20E2005DF94F /* HTTPService.swift */ = {isa = PBXFileReference; lastKnownFileType = sourcecode.swift; path = HTTPService.swift; sourceTree = "<group>"; };
		6E86602D2C1C2163005DF94F /* Reactive+DataRequest.swift */ = {isa = PBXFileReference; lastKnownFileType = sourcecode.swift; path = "Reactive+DataRequest.swift"; sourceTree = "<group>"; };
		6E8660302C1C2379005DF94F /* WeatherRepository.swift */ = {isa = PBXFileReference; lastKnownFileType = sourcecode.swift; path = WeatherRepository.swift; sourceTree = "<group>"; };
		6E8660332C1C23F8005DF94F /* CityRepository.swift */ = {isa = PBXFileReference; lastKnownFileType = sourcecode.swift; path = CityRepository.swift; sourceTree = "<group>"; };
		6E8660352C1C2417005DF94F /* WeatherRepositoryImpl.swift */ = {isa = PBXFileReference; lastKnownFileType = sourcecode.swift; path = WeatherRepositoryImpl.swift; sourceTree = "<group>"; };
		6E8660382C1C2543005DF94F /* DomainError.swift */ = {isa = PBXFileReference; lastKnownFileType = sourcecode.swift; path = DomainError.swift; sourceTree = "<group>"; };
		6E86603A2C1C26FD005DF94F /* CityRepositoryImpl.swift */ = {isa = PBXFileReference; lastKnownFileType = sourcecode.swift; path = CityRepositoryImpl.swift; sourceTree = "<group>"; };
		6E86603D2C1C274E005DF94F /* JsonService.swift */ = {isa = PBXFileReference; lastKnownFileType = sourcecode.swift; path = JsonService.swift; sourceTree = "<group>"; };
		6E8660422C1C2B95005DF94F /* citylist.json */ = {isa = PBXFileReference; fileEncoding = 4; lastKnownFileType = text.json; path = citylist.json; sourceTree = "<group>"; };
		6E8660492C1C2D0F005DF94F /* ViewModel.swift */ = {isa = PBXFileReference; lastKnownFileType = sourcecode.swift; path = ViewModel.swift; sourceTree = "<group>"; };
		6E86604B2C1C2D33005DF94F /* ViewModelController.swift */ = {isa = PBXFileReference; lastKnownFileType = sourcecode.swift; path = ViewModelController.swift; sourceTree = "<group>"; };
/* End PBXFileReference section */

/* Begin PBXFrameworksBuildPhase section */
		6E865FC02C1BFEDA005DF94F /* Frameworks */ = {
			isa = PBXFrameworksBuildPhase;
			buildActionMask = 2147483647;
			files = (
				6E865FDF2C1C01E0005DF94F /* RxAlamofire in Frameworks */,
				6E865FE22C1C0222005DF94F /* SnapKit in Frameworks */,
			);
			runOnlyForDeploymentPostprocessing = 0;
		};
/* End PBXFrameworksBuildPhase section */

/* Begin PBXGroup section */
		6E865FBA2C1BFEDA005DF94F = {
			isa = PBXGroup;
			children = (
				6E865FC52C1BFEDA005DF94F /* WeatherSearch */,
				6E865FC42C1BFEDA005DF94F /* Products */,
			);
			sourceTree = "<group>";
		};
		6E865FC42C1BFEDA005DF94F /* Products */ = {
			isa = PBXGroup;
			children = (
				6E865FC32C1BFEDA005DF94F /* WeatherSearch.app */,
			);
			name = Products;
			sourceTree = "<group>";
		};
		6E865FC52C1BFEDA005DF94F /* WeatherSearch */ = {
			isa = PBXGroup;
			children = (
				6E865FE52C1C0394005DF94F /* App */,
				6E865FE62C1C039D005DF94F /* Data */,
				6E865FE72C1C03A4005DF94F /* Presentation */,
				6E865FE82C1C03B5005DF94F /* Resource */,
				6E865FE92C1C03B9005DF94F /* Shared */,
			);
			path = WeatherSearch;
			sourceTree = "<group>";
		};
		6E865FE52C1C0394005DF94F /* App */ = {
			isa = PBXGroup;
			children = (
				6E865FD42C1BFEDC005DF94F /* Info.plist */,
				6E865FD12C1BFEDC005DF94F /* LaunchScreen.storyboard */,
				6E865FC62C1BFEDA005DF94F /* AppDelegate.swift */,
				6E865FC82C1BFEDA005DF94F /* SceneDelegate.swift */,
			);
			path = App;
			sourceTree = "<group>";
		};
		6E865FE62C1C039D005DF94F /* Data */ = {
			isa = PBXGroup;
			children = (
				6E86603C2C1C2736005DF94F /* Local */,
				6E86602F2C1C235E005DF94F /* Repository */,
				6E8660122C1C1982005DF94F /* Network */,
				6E865FEA2C1C075D005DF94F /* Model */,
			);
			path = Data;
			sourceTree = "<group>";
		};
		6E865FE72C1C03A4005DF94F /* Presentation */ = {
			isa = PBXGroup;
			children = (
				6E8660372C1C253C005DF94F /* Error */,
				6E865FCA2C1BFEDA005DF94F /* ViewController.swift */,
				6E8660462C1C2CD9005DF94F /* Common */,
			);
			path = Presentation;
			sourceTree = "<group>";
		};
		6E865FE82C1C03B5005DF94F /* Resource */ = {
			isa = PBXGroup;
			children = (
				6E865FCF2C1BFEDC005DF94F /* Assets.xcassets */,
				6E8660422C1C2B95005DF94F /* citylist.json */,
			);
			path = Resource;
			sourceTree = "<group>";
		};
		6E865FE92C1C03B9005DF94F /* Shared */ = {
			isa = PBXGroup;
			children = (
				6E86600B2C1C16B3005DF94F /* Constant */,
				6E8660062C1C15EA005DF94F /* Extension */,
				6E8660002C1C0F78005DF94F /* Manager */,
			);
			path = Shared;
			sourceTree = "<group>";
		};
		6E865FEA2C1C075D005DF94F /* Model */ = {
			isa = PBXGroup;
			children = (
				6E865FEB2C1C0773005DF94F /* DTO */,
				6E865FEF2C1C07B1005DF94F /* Entity */,
			);
			path = Model;
			sourceTree = "<group>";
		};
		6E865FEB2C1C0773005DF94F /* DTO */ = {
			isa = PBXGroup;
			children = (
				6E865FEC2C1C077A005DF94F /* Protocol */,
				6E8660102C1C1838005DF94F /* ForecastResponseDTO.swift */,
				6E865FFC2C1C0A90005DF94F /* CityDTO.swift */,
				6E865FFE2C1C0B4A005DF94F /* WeatherDTO.swift */,
			);
			path = DTO;
			sourceTree = "<group>";
		};
		6E865FEC2C1C077A005DF94F /* Protocol */ = {
			isa = PBXGroup;
			children = (
				6E865FED2C1C077E005DF94F /* DTO.swift */,
			);
			path = Protocol;
			sourceTree = "<group>";
		};
		6E865FEF2C1C07B1005DF94F /* Entity */ = {
			isa = PBXGroup;
			children = (
				6E865FFA2C1C0A4D005DF94F /* Forecast.swift */,
				6E865FF32C1C087D005DF94F /* City.swift */,
				6E865FF82C1C0925005DF94F /* Weather.swift */,
				6E865FF02C1C07BD005DF94F /* Protocol */,
			);
			path = Entity;
			sourceTree = "<group>";
		};
		6E865FF02C1C07BD005DF94F /* Protocol */ = {
			isa = PBXGroup;
			children = (
				6E865FF12C1C07CA005DF94F /* Entity.swift */,
			);
			path = Protocol;
			sourceTree = "<group>";
		};
		6E8660002C1C0F78005DF94F /* Manager */ = {
			isa = PBXGroup;
			children = (
				6E8660012C1C0F82005DF94F /* DateManager.swift */,
				6E8660042C1C0FDF005DF94F /* Configurator.swift */,
				6E8660212C1C1C8E005DF94F /* JsonCoder.swift */,
			);
			path = Manager;
			sourceTree = "<group>";
		};
		6E8660062C1C15EA005DF94F /* Extension */ = {
			isa = PBXGroup;
			children = (
				6E8660072C1C15F6005DF94F /* TimeInterval+.swift */,
				6E8660092C1C1670005DF94F /* Double+.swift */,
				6E86600E2C1C17B5005DF94F /* Int+.swift */,
				6E86602D2C1C2163005DF94F /* Reactive+DataRequest.swift */,
			);
			path = Extension;
			sourceTree = "<group>";
		};
		6E86600B2C1C16B3005DF94F /* Constant */ = {
			isa = PBXGroup;
			children = (
				6E86600C2C1C16BF005DF94F /* Constant.swift */,
			);
			path = Constant;
			sourceTree = "<group>";
		};
		6E8660122C1C1982005DF94F /* Network */ = {
			isa = PBXGroup;
			children = (
				6E8660162C1C1A5B005DF94F /* HTTP */,
			);
			path = Network;
			sourceTree = "<group>";
		};
		6E8660132C1C199C005DF94F /* Error */ = {
			isa = PBXGroup;
			children = (
				6E8660142C1C19AF005DF94F /* HTTPStatusError.swift */,
				6E86601F2C1C1C51005DF94F /* HTTPError.swift */,
			);
			path = Error;
			sourceTree = "<group>";
		};
		6E8660162C1C1A5B005DF94F /* HTTP */ = {
			isa = PBXGroup;
			children = (
				6E86601C2C1C1BBB005DF94F /* Component */,
				6E8660182C1C1B40005DF94F /* Router */,
				6E8660172C1C1AAA005DF94F /* Service */,
				6E8660132C1C199C005DF94F /* Error */,
			);
			path = HTTP;
			sourceTree = "<group>";
		};
		6E8660172C1C1AAA005DF94F /* Service */ = {
			isa = PBXGroup;
			children = (
				6E86602B2C1C20E2005DF94F /* HTTPService.swift */,
			);
			path = Service;
			sourceTree = "<group>";
		};
		6E8660182C1C1B40005DF94F /* Router */ = {
			isa = PBXGroup;
			children = (
				6E8660192C1C1B44005DF94F /* Protocol */,
				6E8660272C1C1D63005DF94F /* WeatherRouter.swift */,
			);
			path = Router;
			sourceTree = "<group>";
		};
		6E8660192C1C1B44005DF94F /* Protocol */ = {
			isa = PBXGroup;
			children = (
				6E86601A2C1C1B49005DF94F /* Router.swift */,
			);
			path = Protocol;
			sourceTree = "<group>";
		};
		6E86601C2C1C1BBB005DF94F /* Component */ = {
			isa = PBXGroup;
			children = (
				6E86601D2C1C1BC2005DF94F /* APIKey.swift */,
				6E8660292C1C1F97005DF94F /* HTTPParameter.swift */,
			);
			path = Component;
			sourceTree = "<group>";
		};
		6E86602F2C1C235E005DF94F /* Repository */ = {
			isa = PBXGroup;
			children = (
				6E8660322C1C23C2005DF94F /* Protocol */,
				6E8660352C1C2417005DF94F /* WeatherRepositoryImpl.swift */,
				6E86603A2C1C26FD005DF94F /* CityRepositoryImpl.swift */,
			);
			path = Repository;
			sourceTree = "<group>";
		};
		6E8660322C1C23C2005DF94F /* Protocol */ = {
			isa = PBXGroup;
			children = (
				6E8660302C1C2379005DF94F /* WeatherRepository.swift */,
				6E8660332C1C23F8005DF94F /* CityRepository.swift */,
			);
			path = Protocol;
			sourceTree = "<group>";
		};
		6E8660372C1C253C005DF94F /* Error */ = {
			isa = PBXGroup;
			children = (
				6E8660382C1C2543005DF94F /* DomainError.swift */,
			);
			path = Error;
			sourceTree = "<group>";
		};
		6E86603C2C1C2736005DF94F /* Local */ = {
			isa = PBXGroup;
			children = (
				6E86603F2C1C28AE005DF94F /* Json */,
			);
			path = Local;
			sourceTree = "<group>";
		};
		6E86603F2C1C28AE005DF94F /* Json */ = {
			isa = PBXGroup;
			children = (
				6E8660412C1C28C5005DF94F /* Error */,
				6E8660402C1C28C3005DF94F /* Service */,
			);
			path = Json;
			sourceTree = "<group>";
		};
		6E8660402C1C28C3005DF94F /* Service */ = {
			isa = PBXGroup;
			children = (
			);
			path = Service;
			sourceTree = "<group>";
		};
		6E8660412C1C28C5005DF94F /* Error */ = {
			isa = PBXGroup;
			children = (
				6E86603D2C1C274E005DF94F /* JsonService.swift */,
			);
			path = Error;
			sourceTree = "<group>";
		};
		6E8660462C1C2CD9005DF94F /* Common */ = {
			isa = PBXGroup;
			children = (
				6E8660482C1C2CF9005DF94F /* Protocol */,
				6E8660472C1C2CE1005DF94F /* Base */,
			);
			path = Common;
			sourceTree = "<group>";
		};
		6E8660472C1C2CE1005DF94F /* Base */ = {
			isa = PBXGroup;
			children = (
			);
			path = Base;
			sourceTree = "<group>";
		};
		6E8660482C1C2CF9005DF94F /* Protocol */ = {
			isa = PBXGroup;
			children = (
				6E8660492C1C2D0F005DF94F /* ViewModel.swift */,
				6E86604B2C1C2D33005DF94F /* ViewModelController.swift */,
			);
			path = Protocol;
			sourceTree = "<group>";
		};
/* End PBXGroup section */

/* Begin PBXNativeTarget section */
		6E865FC22C1BFEDA005DF94F /* WeatherSearch */ = {
			isa = PBXNativeTarget;
			buildConfigurationList = 6E865FD72C1BFEDC005DF94F /* Build configuration list for PBXNativeTarget "WeatherSearch" */;
			buildPhases = (
				6E865FBF2C1BFEDA005DF94F /* Sources */,
				6E865FC02C1BFEDA005DF94F /* Frameworks */,
				6E865FC12C1BFEDA005DF94F /* Resources */,
			);
			buildRules = (
			);
			dependencies = (
			);
			name = WeatherSearch;
			packageProductDependencies = (
				6E865FDE2C1C01E0005DF94F /* RxAlamofire */,
				6E865FE12C1C0222005DF94F /* SnapKit */,
			);
			productName = WeatherSearch;
			productReference = 6E865FC32C1BFEDA005DF94F /* WeatherSearch.app */;
			productType = "com.apple.product-type.application";
		};
/* End PBXNativeTarget section */

/* Begin PBXProject section */
		6E865FBB2C1BFEDA005DF94F /* Project object */ = {
			isa = PBXProject;
			attributes = {
				BuildIndependentTargetsInParallel = 1;
				LastSwiftUpdateCheck = 1540;
				LastUpgradeCheck = 1540;
				TargetAttributes = {
					6E865FC22C1BFEDA005DF94F = {
						CreatedOnToolsVersion = 15.4;
					};
				};
			};
			buildConfigurationList = 6E865FBE2C1BFEDA005DF94F /* Build configuration list for PBXProject "WeatherSearch" */;
			compatibilityVersion = "Xcode 14.0";
			developmentRegion = en;
			hasScannedForEncodings = 0;
			knownRegions = (
				en,
				Base,
			);
			mainGroup = 6E865FBA2C1BFEDA005DF94F;
			packageReferences = (
				6E865FDD2C1C01E0005DF94F /* XCRemoteSwiftPackageReference "RxAlamofire" */,
				6E865FE02C1C0222005DF94F /* XCRemoteSwiftPackageReference "SnapKit" */,
			);
			productRefGroup = 6E865FC42C1BFEDA005DF94F /* Products */;
			projectDirPath = "";
			projectRoot = "";
			targets = (
				6E865FC22C1BFEDA005DF94F /* WeatherSearch */,
			);
		};
/* End PBXProject section */

/* Begin PBXResourcesBuildPhase section */
		6E865FC12C1BFEDA005DF94F /* Resources */ = {
			isa = PBXResourcesBuildPhase;
			buildActionMask = 2147483647;
			files = (
				6E865FD02C1BFEDC005DF94F /* Assets.xcassets in Resources */,
				6E865FD32C1BFEDC005DF94F /* Base in Resources */,
				6E8660432C1C2B95005DF94F /* citylist.json in Resources */,
			);
			runOnlyForDeploymentPostprocessing = 0;
		};
/* End PBXResourcesBuildPhase section */

/* Begin PBXSourcesBuildPhase section */
		6E865FBF2C1BFEDA005DF94F /* Sources */ = {
			isa = PBXSourcesBuildPhase;
			buildActionMask = 2147483647;
			files = (
				6E865FFB2C1C0A4D005DF94F /* Forecast.swift in Sources */,
				6E8660082C1C15F6005DF94F /* TimeInterval+.swift in Sources */,
				6E86600D2C1C16BF005DF94F /* Constant.swift in Sources */,
				6E86602A2C1C1F98005DF94F /* HTTPParameter.swift in Sources */,
				6E865FCB2C1BFEDA005DF94F /* ViewController.swift in Sources */,
				6E865FFF2C1C0B4A005DF94F /* WeatherDTO.swift in Sources */,
				6E865FFD2C1C0A90005DF94F /* CityDTO.swift in Sources */,
				6E86601B2C1C1B49005DF94F /* Router.swift in Sources */,
				6E86602E2C1C2163005DF94F /* Reactive+DataRequest.swift in Sources */,
				6E8660052C1C0FDF005DF94F /* Configurator.swift in Sources */,
				6E86603B2C1C26FD005DF94F /* CityRepositoryImpl.swift in Sources */,
				6E8660392C1C2543005DF94F /* DomainError.swift in Sources */,
				6E865FF22C1C07CA005DF94F /* Entity.swift in Sources */,
				6E865FF42C1C087D005DF94F /* City.swift in Sources */,
				6E86600A2C1C1670005DF94F /* Double+.swift in Sources */,
				6E865FC72C1BFEDA005DF94F /* AppDelegate.swift in Sources */,
				6E86600F2C1C17B5005DF94F /* Int+.swift in Sources */,
				6E8660022C1C0F82005DF94F /* DateManager.swift in Sources */,
				6E86602C2C1C20E2005DF94F /* HTTPService.swift in Sources */,
				6E86601E2C1C1BC2005DF94F /* APIKey.swift in Sources */,
				6E8660312C1C2379005DF94F /* WeatherRepository.swift in Sources */,
				6E8660112C1C1838005DF94F /* ForecastResponseDTO.swift in Sources */,
				6E8660342C1C23F8005DF94F /* CityRepository.swift in Sources */,
				6E86603E2C1C274E005DF94F /* JsonService.swift in Sources */,
				6E86604C2C1C2D33005DF94F /* ViewModelController.swift in Sources */,
				6E8660202C1C1C51005DF94F /* HTTPError.swift in Sources */,
				6E86604A2C1C2D0F005DF94F /* ViewModel.swift in Sources */,
				6E8660222C1C1C8E005DF94F /* JsonCoder.swift in Sources */,
				6E8660152C1C19AF005DF94F /* HTTPStatusError.swift in Sources */,
				6E865FC92C1BFEDA005DF94F /* SceneDelegate.swift in Sources */,
				6E8660362C1C2417005DF94F /* WeatherRepositoryImpl.swift in Sources */,
				6E865FEE2C1C077E005DF94F /* DTO.swift in Sources */,
				6E865FF92C1C0925005DF94F /* Weather.swift in Sources */,
				6E8660282C1C1D63005DF94F /* WeatherRouter.swift in Sources */,
			);
			runOnlyForDeploymentPostprocessing = 0;
		};
/* End PBXSourcesBuildPhase section */

/* Begin PBXVariantGroup section */
		6E865FD12C1BFEDC005DF94F /* LaunchScreen.storyboard */ = {
			isa = PBXVariantGroup;
			children = (
				6E865FD22C1BFEDC005DF94F /* Base */,
			);
			name = LaunchScreen.storyboard;
			sourceTree = "<group>";
		};
/* End PBXVariantGroup section */

/* Begin XCBuildConfiguration section */
		6E865FD52C1BFEDC005DF94F /* Debug */ = {
			isa = XCBuildConfiguration;
			buildSettings = {
				ALWAYS_SEARCH_USER_PATHS = NO;
				ASSETCATALOG_COMPILER_GENERATE_SWIFT_ASSET_SYMBOL_EXTENSIONS = YES;
				CLANG_ANALYZER_NONNULL = YES;
				CLANG_ANALYZER_NUMBER_OBJECT_CONVERSION = YES_AGGRESSIVE;
				CLANG_CXX_LANGUAGE_STANDARD = "gnu++20";
				CLANG_ENABLE_MODULES = YES;
				CLANG_ENABLE_OBJC_ARC = YES;
				CLANG_ENABLE_OBJC_WEAK = YES;
				CLANG_WARN_BLOCK_CAPTURE_AUTORELEASING = YES;
				CLANG_WARN_BOOL_CONVERSION = YES;
				CLANG_WARN_COMMA = YES;
				CLANG_WARN_CONSTANT_CONVERSION = YES;
				CLANG_WARN_DEPRECATED_OBJC_IMPLEMENTATIONS = YES;
				CLANG_WARN_DIRECT_OBJC_ISA_USAGE = YES_ERROR;
				CLANG_WARN_DOCUMENTATION_COMMENTS = YES;
				CLANG_WARN_EMPTY_BODY = YES;
				CLANG_WARN_ENUM_CONVERSION = YES;
				CLANG_WARN_INFINITE_RECURSION = YES;
				CLANG_WARN_INT_CONVERSION = YES;
				CLANG_WARN_NON_LITERAL_NULL_CONVERSION = YES;
				CLANG_WARN_OBJC_IMPLICIT_RETAIN_SELF = YES;
				CLANG_WARN_OBJC_LITERAL_CONVERSION = YES;
				CLANG_WARN_OBJC_ROOT_CLASS = YES_ERROR;
				CLANG_WARN_QUOTED_INCLUDE_IN_FRAMEWORK_HEADER = YES;
				CLANG_WARN_RANGE_LOOP_ANALYSIS = YES;
				CLANG_WARN_STRICT_PROTOTYPES = YES;
				CLANG_WARN_SUSPICIOUS_MOVE = YES;
				CLANG_WARN_UNGUARDED_AVAILABILITY = YES_AGGRESSIVE;
				CLANG_WARN_UNREACHABLE_CODE = YES;
				CLANG_WARN__DUPLICATE_METHOD_MATCH = YES;
				COPY_PHASE_STRIP = NO;
				DEBUG_INFORMATION_FORMAT = dwarf;
				ENABLE_STRICT_OBJC_MSGSEND = YES;
				ENABLE_TESTABILITY = YES;
				ENABLE_USER_SCRIPT_SANDBOXING = YES;
				GCC_C_LANGUAGE_STANDARD = gnu17;
				GCC_DYNAMIC_NO_PIC = NO;
				GCC_NO_COMMON_BLOCKS = YES;
				GCC_OPTIMIZATION_LEVEL = 0;
				GCC_PREPROCESSOR_DEFINITIONS = (
					"DEBUG=1",
					"$(inherited)",
				);
				GCC_WARN_64_TO_32_BIT_CONVERSION = YES;
				GCC_WARN_ABOUT_RETURN_TYPE = YES_ERROR;
				GCC_WARN_UNDECLARED_SELECTOR = YES;
				GCC_WARN_UNINITIALIZED_AUTOS = YES_AGGRESSIVE;
				GCC_WARN_UNUSED_FUNCTION = YES;
				GCC_WARN_UNUSED_VARIABLE = YES;
				IPHONEOS_DEPLOYMENT_TARGET = 17.5;
				LOCALIZATION_PREFERS_STRING_CATALOGS = YES;
				MTL_ENABLE_DEBUG_INFO = INCLUDE_SOURCE;
				MTL_FAST_MATH = YES;
				ONLY_ACTIVE_ARCH = YES;
				SDKROOT = iphoneos;
				SWIFT_ACTIVE_COMPILATION_CONDITIONS = "DEBUG $(inherited)";
				SWIFT_OPTIMIZATION_LEVEL = "-Onone";
			};
			name = Debug;
		};
		6E865FD62C1BFEDC005DF94F /* Release */ = {
			isa = XCBuildConfiguration;
			buildSettings = {
				ALWAYS_SEARCH_USER_PATHS = NO;
				ASSETCATALOG_COMPILER_GENERATE_SWIFT_ASSET_SYMBOL_EXTENSIONS = YES;
				CLANG_ANALYZER_NONNULL = YES;
				CLANG_ANALYZER_NUMBER_OBJECT_CONVERSION = YES_AGGRESSIVE;
				CLANG_CXX_LANGUAGE_STANDARD = "gnu++20";
				CLANG_ENABLE_MODULES = YES;
				CLANG_ENABLE_OBJC_ARC = YES;
				CLANG_ENABLE_OBJC_WEAK = YES;
				CLANG_WARN_BLOCK_CAPTURE_AUTORELEASING = YES;
				CLANG_WARN_BOOL_CONVERSION = YES;
				CLANG_WARN_COMMA = YES;
				CLANG_WARN_CONSTANT_CONVERSION = YES;
				CLANG_WARN_DEPRECATED_OBJC_IMPLEMENTATIONS = YES;
				CLANG_WARN_DIRECT_OBJC_ISA_USAGE = YES_ERROR;
				CLANG_WARN_DOCUMENTATION_COMMENTS = YES;
				CLANG_WARN_EMPTY_BODY = YES;
				CLANG_WARN_ENUM_CONVERSION = YES;
				CLANG_WARN_INFINITE_RECURSION = YES;
				CLANG_WARN_INT_CONVERSION = YES;
				CLANG_WARN_NON_LITERAL_NULL_CONVERSION = YES;
				CLANG_WARN_OBJC_IMPLICIT_RETAIN_SELF = YES;
				CLANG_WARN_OBJC_LITERAL_CONVERSION = YES;
				CLANG_WARN_OBJC_ROOT_CLASS = YES_ERROR;
				CLANG_WARN_QUOTED_INCLUDE_IN_FRAMEWORK_HEADER = YES;
				CLANG_WARN_RANGE_LOOP_ANALYSIS = YES;
				CLANG_WARN_STRICT_PROTOTYPES = YES;
				CLANG_WARN_SUSPICIOUS_MOVE = YES;
				CLANG_WARN_UNGUARDED_AVAILABILITY = YES_AGGRESSIVE;
				CLANG_WARN_UNREACHABLE_CODE = YES;
				CLANG_WARN__DUPLICATE_METHOD_MATCH = YES;
				COPY_PHASE_STRIP = NO;
				DEBUG_INFORMATION_FORMAT = "dwarf-with-dsym";
				ENABLE_NS_ASSERTIONS = NO;
				ENABLE_STRICT_OBJC_MSGSEND = YES;
				ENABLE_USER_SCRIPT_SANDBOXING = YES;
				GCC_C_LANGUAGE_STANDARD = gnu17;
				GCC_NO_COMMON_BLOCKS = YES;
				GCC_WARN_64_TO_32_BIT_CONVERSION = YES;
				GCC_WARN_ABOUT_RETURN_TYPE = YES_ERROR;
				GCC_WARN_UNDECLARED_SELECTOR = YES;
				GCC_WARN_UNINITIALIZED_AUTOS = YES_AGGRESSIVE;
				GCC_WARN_UNUSED_FUNCTION = YES;
				GCC_WARN_UNUSED_VARIABLE = YES;
				IPHONEOS_DEPLOYMENT_TARGET = 17.5;
				LOCALIZATION_PREFERS_STRING_CATALOGS = YES;
				MTL_ENABLE_DEBUG_INFO = NO;
				MTL_FAST_MATH = YES;
				SDKROOT = iphoneos;
				SWIFT_COMPILATION_MODE = wholemodule;
				VALIDATE_PRODUCT = YES;
			};
			name = Release;
		};
		6E865FD82C1BFEDC005DF94F /* Debug */ = {
			isa = XCBuildConfiguration;
			buildSettings = {
				ASSETCATALOG_COMPILER_APPICON_NAME = AppIcon;
				ASSETCATALOG_COMPILER_GLOBAL_ACCENT_COLOR_NAME = AccentColor;
				CODE_SIGN_STYLE = Automatic;
				CURRENT_PROJECT_VERSION = 1;
				DEVELOPMENT_TEAM = 75QZ7682T2;
				GENERATE_INFOPLIST_FILE = YES;
				INFOPLIST_FILE = WeatherSearch/App/Info.plist;
				INFOPLIST_KEY_CFBundleDisplayName = "원태영";
				INFOPLIST_KEY_UIApplicationSupportsIndirectInputEvents = YES;
				INFOPLIST_KEY_UILaunchStoryboardName = LaunchScreen;
				INFOPLIST_KEY_UISupportedInterfaceOrientations = UIInterfaceOrientationPortrait;
				INFOPLIST_KEY_UISupportedInterfaceOrientations_iPad = "UIInterfaceOrientationLandscapeLeft UIInterfaceOrientationLandscapeRight UIInterfaceOrientationPortrait UIInterfaceOrientationPortraitUpsideDown";
				IPHONEOS_DEPLOYMENT_TARGET = 13.0;
				LD_RUNPATH_SEARCH_PATHS = (
					"$(inherited)",
					"@executable_path/Frameworks",
				);
				MARKETING_VERSION = 1.0;
				PRODUCT_BUNDLE_IDENTIFIER = com.Kaz.WeatherSearch;
				PRODUCT_NAME = "$(TARGET_NAME)";
				SUPPORTED_PLATFORMS = "iphoneos iphonesimulator";
				SUPPORTS_MACCATALYST = NO;
				SUPPORTS_MAC_DESIGNED_FOR_IPHONE_IPAD = NO;
				SUPPORTS_XR_DESIGNED_FOR_IPHONE_IPAD = NO;
				SWIFT_EMIT_LOC_STRINGS = YES;
				SWIFT_VERSION = 5.0;
				TARGETED_DEVICE_FAMILY = 1;
			};
			name = Debug;
		};
		6E865FD92C1BFEDC005DF94F /* Release */ = {
			isa = XCBuildConfiguration;
			buildSettings = {
				ASSETCATALOG_COMPILER_APPICON_NAME = AppIcon;
				ASSETCATALOG_COMPILER_GLOBAL_ACCENT_COLOR_NAME = AccentColor;
				CODE_SIGN_STYLE = Automatic;
				CURRENT_PROJECT_VERSION = 1;
				DEVELOPMENT_TEAM = 75QZ7682T2;
				GENERATE_INFOPLIST_FILE = YES;
				INFOPLIST_FILE = WeatherSearch/App/Info.plist;
				INFOPLIST_KEY_CFBundleDisplayName = "원태영";
				INFOPLIST_KEY_UIApplicationSupportsIndirectInputEvents = YES;
				INFOPLIST_KEY_UILaunchStoryboardName = LaunchScreen;
				INFOPLIST_KEY_UISupportedInterfaceOrientations = UIInterfaceOrientationPortrait;
				INFOPLIST_KEY_UISupportedInterfaceOrientations_iPad = "UIInterfaceOrientationLandscapeLeft UIInterfaceOrientationLandscapeRight UIInterfaceOrientationPortrait UIInterfaceOrientationPortraitUpsideDown";
				IPHONEOS_DEPLOYMENT_TARGET = 13.0;
				LD_RUNPATH_SEARCH_PATHS = (
					"$(inherited)",
					"@executable_path/Frameworks",
				);
				MARKETING_VERSION = 1.0;
				PRODUCT_BUNDLE_IDENTIFIER = com.Kaz.WeatherSearch;
				PRODUCT_NAME = "$(TARGET_NAME)";
				SUPPORTED_PLATFORMS = "iphoneos iphonesimulator";
				SUPPORTS_MACCATALYST = NO;
				SUPPORTS_MAC_DESIGNED_FOR_IPHONE_IPAD = NO;
				SUPPORTS_XR_DESIGNED_FOR_IPHONE_IPAD = NO;
				SWIFT_EMIT_LOC_STRINGS = YES;
				SWIFT_VERSION = 5.0;
				TARGETED_DEVICE_FAMILY = 1;
			};
			name = Release;
		};
/* End XCBuildConfiguration section */

/* Begin XCConfigurationList section */
		6E865FBE2C1BFEDA005DF94F /* Build configuration list for PBXProject "WeatherSearch" */ = {
			isa = XCConfigurationList;
			buildConfigurations = (
				6E865FD52C1BFEDC005DF94F /* Debug */,
				6E865FD62C1BFEDC005DF94F /* Release */,
			);
			defaultConfigurationIsVisible = 0;
			defaultConfigurationName = Release;
		};
		6E865FD72C1BFEDC005DF94F /* Build configuration list for PBXNativeTarget "WeatherSearch" */ = {
			isa = XCConfigurationList;
			buildConfigurations = (
				6E865FD82C1BFEDC005DF94F /* Debug */,
				6E865FD92C1BFEDC005DF94F /* Release */,
			);
			defaultConfigurationIsVisible = 0;
			defaultConfigurationName = Release;
		};
/* End XCConfigurationList section */

/* Begin XCRemoteSwiftPackageReference section */
		6E865FDD2C1C01E0005DF94F /* XCRemoteSwiftPackageReference "RxAlamofire" */ = {
			isa = XCRemoteSwiftPackageReference;
			repositoryURL = "https://github.com/RxSwiftCommunity/RxAlamofire";
			requirement = {
				kind = exactVersion;
				version = 6.1.2;
			};
		};
		6E865FE02C1C0222005DF94F /* XCRemoteSwiftPackageReference "SnapKit" */ = {
			isa = XCRemoteSwiftPackageReference;
			repositoryURL = "https://github.com/SnapKit/SnapKit";
			requirement = {
				kind = upToNextMajorVersion;
				minimumVersion = 5.7.1;
			};
		};
/* End XCRemoteSwiftPackageReference section */

/* Begin XCSwiftPackageProductDependency section */
		6E865FDE2C1C01E0005DF94F /* RxAlamofire */ = {
			isa = XCSwiftPackageProductDependency;
			package = 6E865FDD2C1C01E0005DF94F /* XCRemoteSwiftPackageReference "RxAlamofire" */;
			productName = RxAlamofire;
		};
		6E865FE12C1C0222005DF94F /* SnapKit */ = {
			isa = XCSwiftPackageProductDependency;
			package = 6E865FE02C1C0222005DF94F /* XCRemoteSwiftPackageReference "SnapKit" */;
			productName = SnapKit;
		};
/* End XCSwiftPackageProductDependency section */
	};
	rootObject = 6E865FBB2C1BFEDA005DF94F /* Project object */;
}
